
Microsoft Visual Studio Solution File, Format Version 12.00
# Visual Studio Version 16
VisualStudioVersion = 16.0.28729.10
MinimumVisualStudioVersion = 10.0.40219.1
Project("{FAE04EC0-301F-11D3-BF4B-00C04F79EFBC}") = "Calcular nota de ciclo", "Calcular nota de ciclo\Calcular nota de ciclo.csproj", "{797F5159-1C0C-4BDE-BE60-A6C800901DC9}"
EndProject
Global
	GlobalSection(SolutionConfigurationPlatforms) = preSolution
		Debug|Any CPU = Debug|Any CPU
		Release|Any CPU = Release|Any CPU
	EndGlobalSection
	GlobalSection(ProjectConfigurationPlatforms) = postSolution
		{797F5159-1C0C-4BDE-BE60-A6C800901DC9}.Debug|Any CPU.ActiveCfg = Debug|Any CPU
		{797F5159-1C0C-4BDE-BE60-A6C800901DC9}.Debug|Any CPU.Build.0 = Debug|Any CPU
		{797F5159-1C0C-4BDE-BE60-A6C800901DC9}.Release|Any CPU.ActiveCfg = Release|Any CPU
		{797F5159-1C0C-4BDE-BE60-A6C800901DC9}.Release|Any CPU.Build.0 = Release|Any CPU
	EndGlobalSection
	GlobalSection(SolutionProperties) = preSolution
		HideSolutionNode = FALSE
	EndGlobalSection
	GlobalSection(ExtensibilityGlobals) = postSolution
		SolutionGuid = {3D34EF22-D720-47CB-84B5-AFB02386187F}
	EndGlobalSection
EndGlobal
