
Microsoft Visual Studio Solution File, Format Version 12.00
# Visual Studio Version 16
VisualStudioVersion = 16.0.28729.10
MinimumVisualStudioVersion = 10.0.40219.1
Project("{FAE04EC0-301F-11D3-BF4B-00C04F79EFBC}") = "Notas de un estudiante", "Notas de un estudiante\Notas de un estudiante.csproj", "{ABFF411C-6FAE-4609-B074-118CB374E9BE}"
EndProject
Global
	GlobalSection(SolutionConfigurationPlatforms) = preSolution
		Debug|Any CPU = Debug|Any CPU
		Release|Any CPU = Release|Any CPU
	EndGlobalSection
	GlobalSection(ProjectConfigurationPlatforms) = postSolution
		{ABFF411C-6FAE-4609-B074-118CB374E9BE}.Debug|Any CPU.ActiveCfg = Debug|Any CPU
		{ABFF411C-6FAE-4609-B074-118CB374E9BE}.Debug|Any CPU.Build.0 = Debug|Any CPU
		{ABFF411C-6FAE-4609-B074-118CB374E9BE}.Release|Any CPU.ActiveCfg = Release|Any CPU
		{ABFF411C-6FAE-4609-B074-118CB374E9BE}.Release|Any CPU.Build.0 = Release|Any CPU
	EndGlobalSection
	GlobalSection(SolutionProperties) = preSolution
		HideSolutionNode = FALSE
	EndGlobalSection
	GlobalSection(ExtensibilityGlobals) = postSolution
		SolutionGuid = {CFED6E3B-E3BB-4BF4-80CA-D061BA38640F}
	EndGlobalSection
EndGlobal
