
Microsoft Visual Studio Solution File, Format Version 12.00
# Visual Studio Version 16
VisualStudioVersion = 16.0.28729.10
MinimumVisualStudioVersion = 10.0.40219.1
Project("{FAE04EC0-301F-11D3-BF4B-00C04F79EFBC}") = "ejercicio visual 1", "ejercicio visual 1\ejercicio visual 1.csproj", "{4E2176E7-ACAA-4F68-A4CC-ED938CCBC4A6}"
EndProject
Global
	GlobalSection(SolutionConfigurationPlatforms) = preSolution
		Debug|Any CPU = Debug|Any CPU
		Release|Any CPU = Release|Any CPU
	EndGlobalSection
	GlobalSection(ProjectConfigurationPlatforms) = postSolution
		{4E2176E7-ACAA-4F68-A4CC-ED938CCBC4A6}.Debug|Any CPU.ActiveCfg = Debug|Any CPU
		{4E2176E7-ACAA-4F68-A4CC-ED938CCBC4A6}.Debug|Any CPU.Build.0 = Debug|Any CPU
		{4E2176E7-ACAA-4F68-A4CC-ED938CCBC4A6}.Release|Any CPU.ActiveCfg = Release|Any CPU
		{4E2176E7-ACAA-4F68-A4CC-ED938CCBC4A6}.Release|Any CPU.Build.0 = Release|Any CPU
	EndGlobalSection
	GlobalSection(SolutionProperties) = preSolution
		HideSolutionNode = FALSE
	EndGlobalSection
	GlobalSection(ExtensibilityGlobals) = postSolution
		SolutionGuid = {23D12F90-4364-4B36-AD3F-26FD5F4A91D7}
	EndGlobalSection
EndGlobal
